// !$*UTF8*$!
{
	archiveVersion = 1;
	classes = {
	};
	objectVersion = 90;
	objects = {

/* Begin PBXBuildFile section */
		5FAFC90C301BAF9C00FDBED8 /* Ori-logo-2.icon in Resources */ = {isa = PBXBuildFile; fileRef = 5FAFC90B301BAF9C00FDBED8 /* Ori-logo-2.icon */; };
		5FAFC90D301BAF9C00FDBED8 /* Ori-logo-2.icon in Resources */ = {isa = PBXBuildFile; fileRef = 5FAFC90B301BAF9C00FDBED8 /* Ori-logo-2.icon */; };
		5FAFC90E301BAF9C00FDBED8 /* Ori-logo-2.icon in Resources */ = {isa = PBXBuildFile; fileRef = 5FAFC90B301BAF9C00FDBED8 /* Ori-logo-2.icon */; };
/* End PBXBuildFile section */

/* Begin PBXContainerItemProxy section */
		5FA61260300CE184002F8851 /* PBXContainerItemProxy */ = {
			isa = PBXContainerItemProxy;
			containerPortal = 000000000000000000000000 /* Project object */;
			proxyType = 1;
			remoteGlobalIDString = 5FA61252300CE184002F8851;
			remoteInfo = "Origami Text";
		};
		5FA6126A300CE184002F8851 /* PBXContainerItemProxy */ = {
			isa = PBXContainerItemProxy;
			containerPortal = 000000000000000000000000 /* Project object */;
			proxyType = 1;
			remoteGlobalIDString = 5FA61252300CE184002F8851;
			remoteInfo = "Origami Text";
		};
/* End PBXContainerItemProxy section */

/* Begin PBXFileReference section */
		000000000000000000000120 /* Origami Text.app */ = {isa = PBXFileReference; explicitFileType = wrapper.application; includeInIndex = 0; path = "Origami Text.app"; sourceTree = BUILT_PRODUCTS_DIR; };
		5FA61253300CE184002F8851 /* Origami Text.app */ = {isa = PBXFileReference; explicitFileType = wrapper.application; includeInIndex = 0; path = "Origami Text.app"; sourceTree = BUILT_PRODUCTS_DIR; };
		5FA6125F300CE184002F8851 /* Origami TextTests.xctest */ = {isa = PBXFileReference; explicitFileType = wrapper.cfbundle; includeInIndex = 0; path = "Origami TextTests.xctest"; sourceTree = BUILT_PRODUCTS_DIR; };
		5FA61269300CE184002F8851 /* Origami TextUITests.xctest */ = {isa = PBXFileReference; explicitFileType = wrapper.cfbundle; includeInIndex = 0; path = "Origami TextUITests.xctest"; sourceTree = BUILT_PRODUCTS_DIR; };
		5FAFC90B301BAF9C00FDBED8 /* Ori-logo-2.icon */ = {isa = PBXFileReference; lastKnownFileType = folder.iconcomposer.icon; path = "Ori-logo-2.icon"; sourceTree = "<group>"; };
		5FD0137F3005785700F5A4F0 /* Origami Text Vision.app */ = {isa = PBXFileReference; explicitFileType = wrapper.application; includeInIndex = 0; path = "Origami Text Vision.app"; sourceTree = BUILT_PRODUCTS_DIR; };
/* End PBXFileReference section */

/* Begin PBXFileSystemSynchronizedBuildFileExceptionSet section */
		5F2D74FE2FFFE3A1000E9DEC /* Exceptions for "LiquidView" folder in "LiquidView" target */ = {
			isa = PBXFileSystemSynchronizedBuildFileExceptionSet;
			membershipExceptions = (
				Info.plist,
			);
			target = 000000000000000100000000 /* LiquidView */;
		};
		5FB2A9F3300CE66F00FF680B /* Exceptions for "LiquidView" folder in "Origami Text" target */ = {
			isa = PBXFileSystemSynchronizedBuildFileExceptionSet;
			membershipExceptions = (
				DocumentRelation.swift,
				LiquidAddress.swift,
				LiquidDate.swift,
				LiquidDoc.swift,
				LiquidDocWriting.swift,
				VisualMeta.swift,
			);
			target = 5FA61252300CE184002F8851 /* Origami Text */;
		};
		5FB2AA0B300D22EE00FF680B /* Exceptions for "Origami Text" folder in "Origami Text" target */ = {
			isa = PBXFileSystemSynchronizedBuildFileExceptionSet;
			membershipExceptions = (
				"Origami-Text-Info.plist",
			);
			target = 5FA61252300CE184002F8851 /* Origami Text */;
		};
		5FD0138D3005785700F5A4F0 /* Exceptions for "Origami Text Vision" folder in "Origami Text Vision" target */ = {
			isa = PBXFileSystemSynchronizedBuildFileExceptionSet;
			membershipExceptions = (
				Info.plist,
			);
			target = 5FD0137E3005785700F5A4F0 /* Origami Text Vision */;
		};
		5FD0139B30057D5B00F5A4F0 /* Exceptions for "LiquidView" folder in "Origami Text Vision" target */ = {
			isa = PBXFileSystemSynchronizedBuildFileExceptionSet;
			membershipExceptions = (
				AppFonts.swift,
				ArmMenu.swift,
				BibTeX.swift,
				DocumentRelation.swift,
				EPUBMapView.swift,
				EPUBShelf.swift,
				FolderWatcher.swift,
				KnowledgeSpaceAnchoring.swift,
				KnowledgeSpaceView.swift,
				LATable.swift,
				LibraryIndex.swift,
				LiquidAddress.swift,
				LiquidDate.swift,
				LiquidDoc.swift,
				LiquidDocWriting.swift,
				NodeImmersiveView.swift,
				"NodeImmersiveView+Common.swift",
				"NodeImmersiveView+Components.swift",
				"NodeImmersiveView+Extension.swift",
				"NodeImmersiveView+Gestures.swift",
				"NodeImmersiveView+Modifiers.swift",
				"NodeImmersiveView+System.swift",
				"NodeImmersiveView+Tools.swift",
				"NodeImmersiveView+Typealias.swift",
				OrigamiEPUBImport.swift,
				OrigamiMath.swift,
				OrigamiVision.swift,
				VisualMeta.swift,
				ZZStructure.swift,
			);
			target = 5FD0137E3005785700F5A4F0 /* Origami Text Vision */;
		};
/* End PBXFileSystemSynchronizedBuildFileExceptionSet section */

/* Begin PBXFileSystemSynchronizedRootGroup section */
		000000000000000000000010 /* LiquidView */ = {
			isa = PBXFileSystemSynchronizedRootGroup;
			exceptions = (
				5F2D74FE2FFFE3A1000E9DEC /* Exceptions for "LiquidView" folder in "LiquidView" target */,
				5FD0139B30057D5B00F5A4F0 /* Exceptions for "LiquidView" folder in "Origami Text Vision" target */,
				5FB2A9F3300CE66F00FF680B /* Exceptions for "LiquidView" folder in "Origami Text" target */,
			);
			path = LiquidView;
			sourceTree = "<group>";
		};
		5FA61254300CE184002F8851 /* Origami Text */ = {
			isa = PBXFileSystemSynchronizedRootGroup;
			exceptions = (
				5FB2AA0B300D22EE00FF680B /* Exceptions for "Origami Text" folder in "Origami Text" target */,
			);
			path = "Origami Text";
			sourceTree = "<group>";
		};
		5FA61262300CE184002F8851 /* Origami TextTests */ = {
			isa = PBXFileSystemSynchronizedRootGroup;
			path = "Origami TextTests";
			sourceTree = "<group>";
		};
		5FA6126C300CE184002F8851 /* Origami TextUITests */ = {
			isa = PBXFileSystemSynchronizedRootGroup;
			path = "Origami TextUITests";
			sourceTree = "<group>";
		};
		5FD013803005785700F5A4F0 /* Origami Text Vision */ = {
			isa = PBXFileSystemSynchronizedRootGroup;
			exceptions = (
				5FD0138D3005785700F5A4F0 /* Exceptions for "Origami Text Vision" folder in "Origami Text Vision" target */,
			);
			explicitFolders = (
				Resources/Materials,
			);
			path = "Origami Text Vision";
			sourceTree = "<group>";
		};
/* End PBXFileSystemSynchronizedRootGroup section */

/* Begin PBXFrameworksBuildPhase section */
		000000000000000130000000 /* Frameworks */ = {
			isa = PBXFrameworksBuildPhase;
			files = (
			);
		};
		5FA61250300CE184002F8851 /* Frameworks */ = {
			isa = PBXFrameworksBuildPhase;
			files = (
			);
		};
		5FA6125C300CE184002F8851 /* Frameworks */ = {
			isa = PBXFrameworksBuildPhase;
			files = (
			);
		};
		5FA61266300CE184002F8851 /* Frameworks */ = {
			isa = PBXFrameworksBuildPhase;
			files = (
			);
		};
		5FD0137C3005785700F5A4F0 /* Frameworks */ = {
			isa = PBXFrameworksBuildPhase;
			files = (
			);
		};
/* End PBXFrameworksBuildPhase section */

/* Begin PBXGroup section */
		000000000000000000000001 = {
			isa = PBXGroup;
			children = (
				000000000000000000000010 /* LiquidView */,
				5FD013803005785700F5A4F0 /* Origami Text Vision */,
				5FA61254300CE184002F8851 /* Origami Text */,
				5FA61262300CE184002F8851 /* Origami TextTests */,
				5FA6126C300CE184002F8851 /* Origami TextUITests */,
				5FAFC90B301BAF9C00FDBED8 /* Ori-logo-2.icon */,
				000000000000000000000020 /* Products */,
			);
			sourceTree = "<group>";
		};
		000000000000000000000020 /* Products */ = {
			isa = PBXGroup;
			children = (
				000000000000000000000120 /* Origami Text.app */,
				5FD0137F3005785700F5A4F0 /* Origami Text Vision.app */,
				5FA61253300CE184002F8851 /* Origami Text.app */,
				5FA6125F300CE184002F8851 /* Origami TextTests.xctest */,
				5FA61269300CE184002F8851 /* Origami TextUITests.xctest */,
			);
			name = Products;
			sourceTree = "<group>";
		};
/* End PBXGroup section */

/* Begin PBXNativeTarget section */
		000000000000000100000000 /* LiquidView */ = {
			isa = PBXNativeTarget;
			buildConfigurationList = 000000000000000110000000 /* Build configuration list for PBXNativeTarget "LiquidView" */;
			buildPhases = (
				000000000000000120000000 /* Sources */,
				000000000000000130000000 /* Frameworks */,
				000000000000000140000000 /* Resources */,
			);
			buildRules = (
			);
			fileSystemSynchronizedGroups = (
				000000000000000000000010 /* LiquidView */,
			);
			name = LiquidView;
			productName = MyApp;
			productReference = 000000000000000000000120 /* Origami Text.app */;
			productType = "com.apple.product-type.application";
		};
		5FA61252300CE184002F8851 /* Origami Text */ = {
			isa = PBXNativeTarget;
			buildConfigurationList = 5FA6126F300CE184002F8851 /* Build configuration list for PBXNativeTarget "Origami Text" */;
			buildPhases = (
				5FA6124F300CE184002F8851 /* Sources */,
				5FA61250300CE184002F8851 /* Frameworks */,
				5FA61251300CE184002F8851 /* Resources */,
			);
			buildRules = (
			);
			fileSystemSynchronizedGroups = (
				5FA61254300CE184002F8851 /* Origami Text */,
			);
			name = "Origami Text";
			productName = "Origami Text";
			productReference = 5FA61253300CE184002F8851 /* Origami Text.app */;
			productType = "com.apple.product-type.application";
		};
		5FA6125E300CE184002F8851 /* Origami TextTests */ = {
			isa = PBXNativeTarget;
			buildConfigurationList = 5FA61272300CE184002F8851 /* Build configuration list for PBXNativeTarget "Origami TextTests" */;
			buildPhases = (
				5FA6125B300CE184002F8851 /* Sources */,
				5FA6125C300CE184002F8851 /* Frameworks */,
				5FA6125D300CE184002F8851 /* Resources */,
			);
			buildRules = (
			);
			dependencies = (
				5FA61261300CE184002F8851 /* PBXTargetDependency */,
			);
			fileSystemSynchronizedGroups = (
				5FA61262300CE184002F8851 /* Origami TextTests */,
			);
			name = "Origami TextTests";
			productName = "Origami TextTests";
			productReference = 5FA6125F300CE184002F8851 /* Origami TextTests.xctest */;
			productType = "com.apple.product-type.bundle.unit-test";
		};
		5FA61268300CE184002F8851 /* Origami TextUITests */ = {
			isa = PBXNativeTarget;
			buildConfigurationList = 5FA61275300CE184002F8851 /* Build configuration list for PBXNativeTarget "Origami TextUITests" */;
			buildPhases = (
				5FA61265300CE184002F8851 /* Sources */,
				5FA61266300CE184002F8851 /* Frameworks */,
				5FA61267300CE184002F8851 /* Resources */,
			);
			buildRules = (
			);
			dependencies = (
				5FA6126B300CE184002F8851 /* PBXTargetDependency */,
			);
			fileSystemSynchronizedGroups = (
				5FA6126C300CE184002F8851 /* Origami TextUITests */,
			);
			name = "Origami TextUITests";
			productName = "Origami TextUITests";
			productReference = 5FA61269300CE184002F8851 /* Origami TextUITests.xctest */;
			productType = "com.apple.product-type.bundle.ui-testing";
		};
		5FD0137E3005785700F5A4F0 /* Origami Text Vision */ = {
			isa = PBXNativeTarget;
			buildConfigurationList = 5FD0138E3005785700F5A4F0 /* Build configuration list for PBXNativeTarget "Origami Text Vision" */;
			buildPhases = (
				5FD0137B3005785700F5A4F0 /* Sources */,
				5FD0137C3005785700F5A4F0 /* Frameworks */,
				5FD0137D3005785700F5A4F0 /* Resources */,
			);
			buildRules = (
			);
			fileSystemSynchronizedGroups = (
				5FD013803005785700F5A4F0 /* Origami Text Vision */,
			);
			name = "Origami Text Vision";
			productName = "Origami Text Vision";
			productReference = 5FD0137F3005785700F5A4F0 /* Origami Text Vision.app */;
			productType = "com.apple.product-type.application";
		};
/* End PBXNativeTarget section */

/* Begin PBXProject section */
		000000000000000000000000 /* Project object */ = {
			isa = PBXProject;
			attributes = {
				BuildIndependentTargetsInParallel = 1;
				LastSwiftUpdateCheck = 2700;
				LastUpgradeCheck = 2700;
				TargetAttributes = {
					000000000000000100000000 = {
						CreatedOnToolsVersion = 26.3;
					};
					5FA61252300CE184002F8851 = {
						CreatedOnToolsVersion = 27.0;
					};
					5FA6125E300CE184002F8851 = {
						CreatedOnToolsVersion = 27.0;
						TestTargetID = 5FA61252300CE184002F8851;
					};
					5FA61268300CE184002F8851 = {
						CreatedOnToolsVersion = 27.0;
						TestTargetID = 5FA61252300CE184002F8851;
					};
					5FD0137E3005785700F5A4F0 = {
						CreatedOnToolsVersion = 27.0;
					};
				};
			};
			buildConfigurationList = 000000000000000010000000 /* Build configuration list for PBXProject "OrigamiText" */;
			developmentRegion = en;
			hasScannedForEncodings = 0;
			knownRegions = (
				en,
				Base,
			);
			mainGroup = 000000000000000000000001;
			minimizedProjectReferenceProxies = 1;
			preferredProjectObjectVersion = 90;
			productRefGroup = 000000000000000000000020 /* Products */;
			projectDirPath = "";
			projectRoot = "";
			targets = (
				000000000000000100000000 /* LiquidView */,
				5FD0137E3005785700F5A4F0 /* Origami Text Vision */,
				5FA61252300CE184002F8851 /* Origami Text */,
				5FA6125E300CE184002F8851 /* Origami TextTests */,
				5FA61268300CE184002F8851 /* Origami TextUITests */,
			);
		};
/* End PBXProject section */

/* Begin PBXResourcesBuildPhase section */
		000000000000000140000000 /* Resources */ = {
			isa = PBXResourcesBuildPhase;
			files = (
				5FAFC90D301BAF9C00FDBED8 /* Ori-logo-2.icon in Resources */,
			);
		};
		5FA61251300CE184002F8851 /* Resources */ = {
			isa = PBXResourcesBuildPhase;
			files = (
				5FAFC90C301BAF9C00FDBED8 /* Ori-logo-2.icon in Resources */,
			);
		};
		5FA6125D300CE184002F8851 /* Resources */ = {
			isa = PBXResourcesBuildPhase;
			files = (
			);
		};
		5FA61267300CE184002F8851 /* Resources */ = {
			isa = PBXResourcesBuildPhase;
			files = (
			);
		};
		5FD0137D3005785700F5A4F0 /* Resources */ = {
			isa = PBXResourcesBuildPhase;
			files = (
				5FAFC90E301BAF9C00FDBED8 /* Ori-logo-2.icon in Resources */,
			);
		};
/* End PBXResourcesBuildPhase section */

/* Begin PBXSourcesBuildPhase section */
		000000000000000120000000 /* Sources */ = {
			isa = PBXSourcesBuildPhase;
			files = (
			);
		};
		5FA6124F300CE184002F8851 /* Sources */ = {
			isa = PBXSourcesBuildPhase;
			files = (
			);
		};
		5FA6125B300CE184002F8851 /* Sources */ = {
			isa = PBXSourcesBuildPhase;
			files = (
			);
		};
		5FA61265300CE184002F8851 /* Sources */ = {
			isa = PBXSourcesBuildPhase;
			files = (
			);
		};
		5FD0137B3005785700F5A4F0 /* Sources */ = {
			isa = PBXSourcesBuildPhase;
			files = (
			);
		};
/* End PBXSourcesBuildPhase section */

/* Begin PBXTargetDependency section */
		5FA61261300CE184002F8851 /* PBXTargetDependency */ = {
			isa = PBXTargetDependency;
			target = 5FA61252300CE184002F8851 /* Origami Text */;
			targetProxy = 5FA61260300CE184002F8851 /* PBXContainerItemProxy */;
		};
		5FA6126B300CE184002F8851 /* PBXTargetDependency */ = {
			isa = PBXTargetDependency;
			target = 5FA61252300CE184002F8851 /* Origami Text */;
			targetProxy = 5FA6126A300CE184002F8851 /* PBXContainerItemProxy */;
		};
/* End PBXTargetDependency section */

/* Begin XCBuildConfiguration section */
		000000000000000011000000 /* Debug configuration for PBXProject "OrigamiText" */ = {
			isa = XCBuildConfiguration;
			buildSettings = {
				ALWAYS_SEARCH_USER_PATHS = NO;
				APPLETVOS_DEPLOYMENT_TARGET = 27.0;
				ASSETCATALOG_COMPILER_GENERATE_SWIFT_ASSET_SYMBOL_EXTENSIONS = YES;
				CLANG_ANALYZER_NONNULL = YES;
				CLANG_ANALYZER_NUMBER_OBJECT_CONVERSION = YES_AGGRESSIVE;
				CLANG_CXX_LANGUAGE_STANDARD = "gnu++20";
				CLANG_ENABLE_MODULES = YES;
				CLANG_ENABLE_OBJC_ARC = YES;
				CLANG_ENABLE_OBJC_WEAK = YES;
				CLANG_WARN_BLOCK_CAPTURE_AUTORELEASING = YES;
				CLANG_WARN_BOOL_CONVERSION = YES;
				CLANG_WARN_COMMA = YES;
				CLANG_WARN_CONSTANT_CONVERSION = YES;
				CLANG_WARN_DEPRECATED_OBJC_IMPLEMENTATIONS = YES;
				CLANG_WARN_DIRECT_OBJC_ISA_USAGE = YES_ERROR;
				CLANG_WARN_DOCUMENTATION_COMMENTS = YES;
				CLANG_WARN_EMPTY_BODY = YES;
				CLANG_WARN_ENUM_CONVERSION = YES;
				CLANG_WARN_INFINITE_RECURSION = YES;
				CLANG_WARN_INT_CONVERSION = YES;
				CLANG_WARN_NON_LITERAL_NULL_CONVERSION = YES;
				CLANG_WARN_OBJC_IMPLICIT_RETAIN_SELF = YES;
				CLANG_WARN_OBJC_LITERAL_CONVERSION = YES;
				CLANG_WARN_OBJC_ROOT_CLASS = YES_ERROR;
				CLANG_WARN_QUOTED_INCLUDE_IN_FRAMEWORK_HEADER = YES;
				CLANG_WARN_RANGE_LOOP_ANALYSIS = YES;
				CLANG_WARN_STRICT_PROTOTYPES = YES;
				CLANG_WARN_SUSPICIOUS_MOVE = YES;
				CLANG_WARN_UNGUARDED_AVAILABILITY = YES_AGGRESSIVE;
				CLANG_WARN_UNREACHABLE_CODE = YES;
				CLANG_WARN__DUPLICATE_METHOD_MATCH = YES;
				COPY_PHASE_STRIP = NO;
				DEAD_CODE_STRIPPING = YES;
				DEBUG_INFORMATION_FORMAT = dwarf;
				DRIVERKIT_DEPLOYMENT_TARGET = 27.0;
				ENABLE_STRICT_OBJC_MSGSEND = YES;
				ENABLE_TESTABILITY = YES;
				ENABLE_USER_SCRIPT_SANDBOXING = YES;
				GCC_C_LANGUAGE_STANDARD = gnu17;
				GCC_DYNAMIC_NO_PIC = NO;
				GCC_NO_COMMON_BLOCKS = YES;
				GCC_OPTIMIZATION_LEVEL = 0;
				GCC_PREPROCESSOR_DEFINITIONS = (
					"DEBUG=1",
					"$(inherited)",
				);
				GCC_WARN_64_TO_32_BIT_CONVERSION = YES;
				GCC_WARN_ABOUT_RETURN_TYPE = YES_ERROR;
				GCC_WARN_UNDECLARED_SELECTOR = YES;
				GCC_WARN_UNINITIALIZED_AUTOS = YES_AGGRESSIVE;
				GCC_WARN_UNUSED_FUNCTION = YES;
				GCC_WARN_UNUSED_VARIABLE = YES;
				IPHONEOS_DEPLOYMENT_TARGET = 27.0;
				LOCALIZATION_PREFERS_STRING_CATALOGS = YES;
				MACOSX_DEPLOYMENT_TARGET = 27.0;
				MTL_ENABLE_DEBUG_INFO = INCLUDE_SOURCE;
				MTL_FAST_MATH = YES;
				ONLY_ACTIVE_ARCH = YES;
				PROJECT_UNIQUE_VALUE = NHJOD3ZL;
				STRING_CATALOG_GENERATE_SYMBOLS = YES;
				SWIFT_ACTIVE_COMPILATION_CONDITIONS = "DEBUG $(inherited)";
				SWIFT_OPTIMIZATION_LEVEL = "-Onone";
				WATCHOS_DEPLOYMENT_TARGET = 27.0;
				XROS_DEPLOYMENT_TARGET = 27.0;
			};
			name = Debug;
		};
		000000000000000012000000 /* Release configuration for PBXProject "OrigamiText" */ = {
			isa = XCBuildConfiguration;
			buildSettings = {
				ALWAYS_SEARCH_USER_PATHS = NO;
				APPLETVOS_DEPLOYMENT_TARGET = 27.0;
				ASSETCATALOG_COMPILER_GENERATE_SWIFT_ASSET_SYMBOL_EXTENSIONS = YES;
				CLANG_ANALYZER_NONNULL = YES;
				CLANG_ANALYZER_NUMBER_OBJECT_CONVERSION = YES_AGGRESSIVE;
				CLANG_CXX_LANGUAGE_STANDARD = "gnu++20";
				CLANG_ENABLE_MODULES = YES;
				CLANG_ENABLE_OBJC_ARC = YES;
				CLANG_ENABLE_OBJC_WEAK = YES;
				CLANG_WARN_BLOCK_CAPTURE_AUTORELEASING = YES;
				CLANG_WARN_BOOL_CONVERSION = YES;
				CLANG_WARN_COMMA = YES;
				CLANG_WARN_CONSTANT_CONVERSION = YES;
				CLANG_WARN_DEPRECATED_OBJC_IMPLEMENTATIONS = YES;
				CLANG_WARN_DIRECT_OBJC_ISA_USAGE = YES_ERROR;
				CLANG_WARN_DOCUMENTATION_COMMENTS = YES;
				CLANG_WARN_EMPTY_BODY = YES;
				CLANG_WARN_ENUM_CONVERSION = YES;
				CLANG_WARN_INFINITE_RECURSION = YES;
				CLANG_WARN_INT_CONVERSION = YES;
				CLANG_WARN_NON_LITERAL_NULL_CONVERSION = YES;
				CLANG_WARN_OBJC_IMPLICIT_RETAIN_SELF = YES;
				CLANG_WARN_OBJC_LITERAL_CONVERSION = YES;
				CLANG_WARN_OBJC_ROOT_CLASS = YES_ERROR;
				CLANG_WARN_QUOTED_INCLUDE_IN_FRAMEWORK_HEADER = YES;
				CLANG_WARN_RANGE_LOOP_ANALYSIS = YES;
				CLANG_WARN_STRICT_PROTOTYPES = YES;
				CLANG_WARN_SUSPICIOUS_MOVE = YES;
				CLANG_WARN_UNGUARDED_AVAILABILITY = YES_AGGRESSIVE;
				CLANG_WARN_UNREACHABLE_CODE = YES;
				CLANG_WARN__DUPLICATE_METHOD_MATCH = YES;
				COPY_PHASE_STRIP = NO;
				DEAD_CODE_STRIPPING = YES;
				DEBUG_INFORMATION_FORMAT = "dwarf-with-dsym";
				DRIVERKIT_DEPLOYMENT_TARGET = 27.0;
				ENABLE_NS_ASSERTIONS = NO;
				ENABLE_STRICT_OBJC_MSGSEND = YES;
				ENABLE_USER_SCRIPT_SANDBOXING = YES;
				GCC_C_LANGUAGE_STANDARD = gnu17;
				GCC_NO_COMMON_BLOCKS = YES;
				GCC_WARN_64_TO_32_BIT_CONVERSION = YES;
				GCC_WARN_ABOUT_RETURN_TYPE = YES_ERROR;
				GCC_WARN_UNDECLARED_SELECTOR = YES;
				GCC_WARN_UNINITIALIZED_AUTOS = YES_AGGRESSIVE;
				GCC_WARN_UNUSED_FUNCTION = YES;
				GCC_WARN_UNUSED_VARIABLE = YES;
				IPHONEOS_DEPLOYMENT_TARGET = 27.0;
				LOCALIZATION_PREFERS_STRING_CATALOGS = YES;
				MACOSX_DEPLOYMENT_TARGET = 27.0;
				MTL_ENABLE_DEBUG_INFO = NO;
				MTL_FAST_MATH = YES;
				PROJECT_UNIQUE_VALUE = NHJOD3ZL;
				STRING_CATALOG_GENERATE_SYMBOLS = YES;
				SWIFT_COMPILATION_MODE = wholemodule;
				WATCHOS_DEPLOYMENT_TARGET = 27.0;
				XROS_DEPLOYMENT_TARGET = 27.0;
			};
			name = Release;
		};
		000000000000000111000000 /* Debug configuration for PBXNativeTarget "LiquidView" */ = {
			isa = XCBuildConfiguration;
			buildSettings = {
				ASSETCATALOG_COMPILER_APPICON_NAME = "Ori-logo-2";
				ASSETCATALOG_COMPILER_INCLUDE_ALL_APPICON_ASSETS = YES;
				AUTOMATION_APPLE_EVENTS = YES;
				CODE_SIGN_ENTITLEMENTS = LiquidView/OrigamiText.entitlements;
				CODE_SIGN_STYLE = Automatic;
				CURRENT_PROJECT_VERSION = 2;
				DEVELOPMENT_TEAM = 9Q5N4A727S;
				ENABLE_APP_SANDBOX = YES;
				ENABLE_HARDENED_RUNTIME = YES;
				ENABLE_INCOMING_NETWORK_CONNECTIONS = NO;
				ENABLE_OUTGOING_NETWORK_CONNECTIONS = YES;
				ENABLE_PREVIEWS = YES;
				ENABLE_RESOURCE_ACCESS_AUDIO_INPUT = NO;
				ENABLE_RESOURCE_ACCESS_BLUETOOTH = NO;
				ENABLE_RESOURCE_ACCESS_CALENDARS = NO;
				ENABLE_RESOURCE_ACCESS_CAMERA = NO;
				ENABLE_RESOURCE_ACCESS_CONTACTS = YES;
				ENABLE_RESOURCE_ACCESS_LOCATION = YES;
				ENABLE_RESOURCE_ACCESS_PHOTO_LIBRARY = NO;
				ENABLE_RESOURCE_ACCESS_PRINTING = NO;
				ENABLE_RESOURCE_ACCESS_USB = NO;
				ENABLE_USER_SELECTED_FILES = readwrite;
				GENERATE_INFOPLIST_FILE = YES;
				INFOPLIST_FILE = LiquidView/Info.plist;
				INFOPLIST_KEY_CFBundleDisplayName = "Origami Text";
				INFOPLIST_KEY_ITSAppUsesNonExemptEncryption = NO;
				INFOPLIST_KEY_LSApplicationCategoryType = "public.app-category.productivity";
				INFOPLIST_KEY_NSAppleEventsUsageDescription = "Origami Text asks Apple Mail to send your published letters and to file arriving letters into your community folder. No passwords or account details ever touch Origami Text.";
				INFOPLIST_KEY_NSContactsUsageDescription = "Origami Text can fill a person’s contact record — name, email, affiliation, photo — from your Contacts. Contacts is only read; nothing is ever written back.";
				INFOPLIST_KEY_NSLocationUsageDescription = "When you share your general location (Settings ▸ Dialog), a published letter carries the place it was written — a place name like “Wimbledon, London”, never coordinates.";
				INFOPLIST_KEY_NSLocationWhenInUseUsageDescription = "When you share your general location (Settings ▸ Dialog), a published letter carries the place it was written — a place name like “Wimbledon, London”, never coordinates.";
				"INFOPLIST_KEY_UIApplicationSceneManifest_Generation[sdk=iphoneos*]" = YES;
				"INFOPLIST_KEY_UIApplicationSceneManifest_Generation[sdk=iphonesimulator*]" = YES;
				"INFOPLIST_KEY_UIApplicationSupportsIndirectInputEvents[sdk=iphoneos*]" = YES;
				"INFOPLIST_KEY_UIApplicationSupportsIndirectInputEvents[sdk=iphonesimulator*]" = YES;
				"INFOPLIST_KEY_UILaunchScreen_Generation[sdk=iphoneos*]" = YES;
				"INFOPLIST_KEY_UILaunchScreen_Generation[sdk=iphonesimulator*]" = YES;
				INFOPLIST_KEY_UILaunchStoryboardName = "";
				"INFOPLIST_KEY_UIStatusBarStyle[sdk=iphoneos*]" = UIStatusBarStyleDefault;
				"INFOPLIST_KEY_UIStatusBarStyle[sdk=iphonesimulator*]" = UIStatusBarStyleDefault;
				INFOPLIST_KEY_UISupportedInterfaceOrientations_iPad = "UIInterfaceOrientationPortrait UIInterfaceOrientationPortraitUpsideDown UIInterfaceOrientationLandscapeLeft UIInterfaceOrientationLandscapeRight";
				INFOPLIST_KEY_UISupportedInterfaceOrientations_iPhone = "UIInterfaceOrientationPortrait UIInterfaceOrientationLandscapeLeft UIInterfaceOrientationLandscapeRight";
				LD_RUNPATH_SEARCH_PATHS = "@executable_path/Frameworks";
				"LD_RUNPATH_SEARCH_PATHS[sdk=macosx*]" = "@executable_path/../Frameworks";
				MACOSX_DEPLOYMENT_TARGET = 26.0;
				MARKETING_VERSION = 1.0;
				PRODUCT_BUNDLE_IDENTIFIER = info.futuretextlab.origamitext;
				PRODUCT_NAME = "Origami Text";
				REGISTER_APP_GROUPS = YES;
				RUNTIME_EXCEPTION_ALLOW_DYLD_ENVIRONMENT_VARIABLES = NO;
				RUNTIME_EXCEPTION_ALLOW_JIT = NO;
				RUNTIME_EXCEPTION_ALLOW_UNSIGNED_EXECUTABLE_MEMORY = NO;
				RUNTIME_EXCEPTION_DEBUGGING_TOOL = NO;
				RUNTIME_EXCEPTION_DISABLE_EXECUTABLE_PAGE_PROTECTION = NO;
				RUNTIME_EXCEPTION_DISABLE_LIBRARY_VALIDATION = NO;
				SDKROOT = auto;
				STRING_CATALOG_GENERATE_SYMBOLS = YES;
				SUPPORTED_PLATFORMS = macosx;
				SWIFT_APPROACHABLE_CONCURRENCY = YES;
				SWIFT_DEFAULT_ACTOR_ISOLATION = MainActor;
				SWIFT_EMIT_LOC_STRINGS = YES;
				SWIFT_UPCOMING_FEATURE_MEMBER_IMPORT_VISIBILITY = YES;
				SWIFT_VERSION = 5.0;
				TARGETED_DEVICE_FAMILY = "1,2,7";
			};
			name = Debug;
		};
		000000000000000112000000 /* Release configuration for PBXNativeTarget "LiquidView" */ = {
			isa = XCBuildConfiguration;
			buildSettings = {
				ASSETCATALOG_COMPILER_APPICON_NAME = "Ori-logo-2";
				ASSETCATALOG_COMPILER_INCLUDE_ALL_APPICON_ASSETS = YES;
				AUTOMATION_APPLE_EVENTS = YES;
				CODE_SIGN_ENTITLEMENTS = LiquidView/OrigamiText.entitlements;
				CODE_SIGN_STYLE = Automatic;
				CURRENT_PROJECT_VERSION = 2;
				DEVELOPMENT_TEAM = 9Q5N4A727S;
				ENABLE_APP_SANDBOX = YES;
				ENABLE_HARDENED_RUNTIME = YES;
				ENABLE_INCOMING_NETWORK_CONNECTIONS = NO;
				ENABLE_OUTGOING_NETWORK_CONNECTIONS = YES;
				ENABLE_PREVIEWS = YES;
				ENABLE_RESOURCE_ACCESS_AUDIO_INPUT = NO;
				ENABLE_RESOURCE_ACCESS_BLUETOOTH = NO;
				ENABLE_RESOURCE_ACCESS_CALENDARS = NO;
				ENABLE_RESOURCE_ACCESS_CAMERA = NO;
				ENABLE_RESOURCE_ACCESS_CONTACTS = YES;
				ENABLE_RESOURCE_ACCESS_LOCATION = YES;
				ENABLE_RESOURCE_ACCESS_PHOTO_LIBRARY = NO;
				ENABLE_RESOURCE_ACCESS_PRINTING = NO;
				ENABLE_RESOURCE_ACCESS_USB = NO;
				ENABLE_USER_SELECTED_FILES = readwrite;
				GENERATE_INFOPLIST_FILE = YES;
				INFOPLIST_FILE = LiquidView/Info.plist;
				INFOPLIST_KEY_CFBundleDisplayName = "Origami Text";
				INFOPLIST_KEY_ITSAppUsesNonExemptEncryption = NO;
				INFOPLIST_KEY_LSApplicationCategoryType = "public.app-category.productivity";
				INFOPLIST_KEY_NSAppleEventsUsageDescription = "Origami Text asks Apple Mail to send your published letters and to file arriving letters into your community folder. No passwords or account details ever touch Origami Text.";
				INFOPLIST_KEY_NSContactsUsageDescription = "Origami Text can fill a person’s contact record — name, email, affiliation, photo — from your Contacts. Contacts is only read; nothing is ever written back.";
				INFOPLIST_KEY_NSLocationUsageDescription = "When you share your general location (Settings ▸ Dialog), a published letter carries the place it was written — a place name like “Wimbledon, London”, never coordinates.";
				INFOPLIST_KEY_NSLocationWhenInUseUsageDescription = "When you share your general location (Settings ▸ Dialog), a published letter carries the place it was written — a place name like “Wimbledon, London”, never coordinates.";
				"INFOPLIST_KEY_UIApplicationSceneManifest_Generation[sdk=iphoneos*]" = YES;
				"INFOPLIST_KEY_UIApplicationSceneManifest_Generation[sdk=iphonesimulator*]" = YES;
				"INFOPLIST_KEY_UIApplicationSupportsIndirectInputEvents[sdk=iphoneos*]" = YES;
				"INFOPLIST_KEY_UIApplicationSupportsIndirectInputEvents[sdk=iphonesimulator*]" = YES;
				"INFOPLIST_KEY_UILaunchScreen_Generation[sdk=iphoneos*]" = YES;
				"INFOPLIST_KEY_UILaunchScreen_Generation[sdk=iphonesimulator*]" = YES;
				INFOPLIST_KEY_UILaunchStoryboardName = "";
				"INFOPLIST_KEY_UIStatusBarStyle[sdk=iphoneos*]" = UIStatusBarStyleDefault;
				"INFOPLIST_KEY_UIStatusBarStyle[sdk=iphonesimulator*]" = UIStatusBarStyleDefault;
				INFOPLIST_KEY_UISupportedInterfaceOrientations_iPad = "UIInterfaceOrientationPortrait UIInterfaceOrientationPortraitUpsideDown UIInterfaceOrientationLandscapeLeft UIInterfaceOrientationLandscapeRight";
				INFOPLIST_KEY_UISupportedInterfaceOrientations_iPhone = "UIInterfaceOrientationPortrait UIInterfaceOrientationLandscapeLeft UIInterfaceOrientationLandscapeRight";
				LD_RUNPATH_SEARCH_PATHS = "@executable_path/Frameworks";
				"LD_RUNPATH_SEARCH_PATHS[sdk=macosx*]" = "@executable_path/../Frameworks";
				MACOSX_DEPLOYMENT_TARGET = 26.0;
				MARKETING_VERSION = 1.0;
				PRODUCT_BUNDLE_IDENTIFIER = info.futuretextlab.origamitext;
				PRODUCT_NAME = "Origami Text";
				REGISTER_APP_GROUPS = YES;
				RUNTIME_EXCEPTION_ALLOW_DYLD_ENVIRONMENT_VARIABLES = NO;
				RUNTIME_EXCEPTION_ALLOW_JIT = NO;
				RUNTIME_EXCEPTION_ALLOW_UNSIGNED_EXECUTABLE_MEMORY = NO;
				RUNTIME_EXCEPTION_DEBUGGING_TOOL = NO;
				RUNTIME_EXCEPTION_DISABLE_EXECUTABLE_PAGE_PROTECTION = NO;
				RUNTIME_EXCEPTION_DISABLE_LIBRARY_VALIDATION = NO;
				SDKROOT = auto;
				STRING_CATALOG_GENERATE_SYMBOLS = YES;
				SUPPORTED_PLATFORMS = macosx;
				SWIFT_APPROACHABLE_CONCURRENCY = YES;
				SWIFT_DEFAULT_ACTOR_ISOLATION = MainActor;
				SWIFT_EMIT_LOC_STRINGS = YES;
				SWIFT_UPCOMING_FEATURE_MEMBER_IMPORT_VISIBILITY = YES;
				SWIFT_VERSION = 5.0;
				TARGETED_DEVICE_FAMILY = "1,2,7";
			};
			name = Release;
		};
		5FA61270300CE184002F8851 /* Debug configuration for PBXNativeTarget "Origami Text" */ = {
			isa = XCBuildConfiguration;
			buildSettings = {
				ASSETCATALOG_COMPILER_APPICON_NAME = "Ori-logo-2";
				ASSETCATALOG_COMPILER_GLOBAL_ACCENT_COLOR_NAME = AccentColor;
				ASSETCATALOG_COMPILER_INCLUDE_ALL_APPICON_ASSETS = YES;
				CODE_SIGN_STYLE = Automatic;
				CURRENT_PROJECT_VERSION = 1;
				DEVELOPMENT_TEAM = 9Q5N4A727S;
				ENABLE_PREVIEWS = YES;
				GENERATE_INFOPLIST_FILE = YES;
				INFOPLIST_FILE = "Origami-Text-Info.plist";
				INFOPLIST_KEY_NSCalendarsFullAccessUsageDescription = "Saved voice notes can be marked in a dedicated “Origami Text” calendar at the moment they were spoken. The app never reads your existing events.";
				INFOPLIST_KEY_NSLocationWhenInUseUsageDescription = "A note carries the place it was made. Your location is used once, when a note is created, to name that place — it is never stored as coordinates.";
				INFOPLIST_KEY_NSMicrophoneUsageDescription = "The microphone carries your voice into a note while you dictate. Nothing is recorded or kept — only the transcribed words.";
				INFOPLIST_KEY_NSSpeechRecognitionUsageDescription = "Speech recognition turns your dictation into the text of a note, on this device when the hardware allows.";
				INFOPLIST_KEY_UIApplicationSceneManifest_Generation = YES;
				INFOPLIST_KEY_UIApplicationSupportsIndirectInputEvents = YES;
				INFOPLIST_KEY_UILaunchScreen_Generation = NO;
				INFOPLIST_KEY_UISupportedInterfaceOrientations_iPad = "UIInterfaceOrientationPortrait UIInterfaceOrientationPortraitUpsideDown UIInterfaceOrientationLandscapeLeft UIInterfaceOrientationLandscapeRight";
				INFOPLIST_KEY_UISupportedInterfaceOrientations_iPhone = "UIInterfaceOrientationPortrait UIInterfaceOrientationLandscapeLeft UIInterfaceOrientationLandscapeRight";
				LD_RUNPATH_SEARCH_PATHS = (
					"$(inherited)",
					"@executable_path/Frameworks",
				);
				MARKETING_VERSION = 1.0;
				PRODUCT_BUNDLE_IDENTIFIER = info.futuretextlab.origamitext;
				PRODUCT_NAME = "$(TARGET_NAME)";
				SDKROOT = iphoneos;
				STRING_CATALOG_GENERATE_SYMBOLS = YES;
				SUPPORTS_MAC_DESIGNED_FOR_IPHONE_IPAD = NO;
				SWIFT_APPROACHABLE_CONCURRENCY = YES;
				SWIFT_DEFAULT_ACTOR_ISOLATION = MainActor;
				SWIFT_EMIT_LOC_STRINGS = YES;
				SWIFT_UPCOMING_FEATURE_MEMBER_IMPORT_VISIBILITY = YES;
				SWIFT_VERSION = 5.0;
				TARGETED_DEVICE_FAMILY = "1,2";
			};
			name = Debug;
		};
		5FA61271300CE184002F8851 /* Release configuration for PBXNativeTarget "Origami Text" */ = {
			isa = XCBuildConfiguration;
			buildSettings = {
				ASSETCATALOG_COMPILER_APPICON_NAME = "Ori-logo-2";
				ASSETCATALOG_COMPILER_GLOBAL_ACCENT_COLOR_NAME = AccentColor;
				ASSETCATALOG_COMPILER_INCLUDE_ALL_APPICON_ASSETS = YES;
				CODE_SIGN_STYLE = Automatic;
				CURRENT_PROJECT_VERSION = 1;
				DEVELOPMENT_TEAM = 9Q5N4A727S;
				ENABLE_PREVIEWS = YES;
				GENERATE_INFOPLIST_FILE = YES;
				INFOPLIST_FILE = "Origami-Text-Info.plist";
				INFOPLIST_KEY_NSCalendarsFullAccessUsageDescription = "Saved voice notes can be marked in a dedicated “Origami Text” calendar at the moment they were spoken. The app never reads your existing events.";
				INFOPLIST_KEY_NSLocationWhenInUseUsageDescription = "A note carries the place it was made. Your location is used once, when a note is created, to name that place — it is never stored as coordinates.";
				INFOPLIST_KEY_NSMicrophoneUsageDescription = "The microphone carries your voice into a note while you dictate. Nothing is recorded or kept — only the transcribed words.";
				INFOPLIST_KEY_NSSpeechRecognitionUsageDescription = "Speech recognition turns your dictation into the text of a note, on this device when the hardware allows.";
				INFOPLIST_KEY_UIApplicationSceneManifest_Generation = YES;
				INFOPLIST_KEY_UIApplicationSupportsIndirectInputEvents = YES;
				INFOPLIST_KEY_UILaunchScreen_Generation = NO;
				INFOPLIST_KEY_UISupportedInterfaceOrientations_iPad = "UIInterfaceOrientationPortrait UIInterfaceOrientationPortraitUpsideDown UIInterfaceOrientationLandscapeLeft UIInterfaceOrientationLandscapeRight";
				INFOPLIST_KEY_UISupportedInterfaceOrientations_iPhone = "UIInterfaceOrientationPortrait UIInterfaceOrientationLandscapeLeft UIInterfaceOrientationLandscapeRight";
				LD_RUNPATH_SEARCH_PATHS = (
					"$(inherited)",
					"@executable_path/Frameworks",
				);
				MARKETING_VERSION = 1.0;
				PRODUCT_BUNDLE_IDENTIFIER = info.futuretextlab.origamitext;
				PRODUCT_NAME = "$(TARGET_NAME)";
				SDKROOT = iphoneos;
				STRING_CATALOG_GENERATE_SYMBOLS = YES;
				SUPPORTS_MAC_DESIGNED_FOR_IPHONE_IPAD = NO;
				SWIFT_APPROACHABLE_CONCURRENCY = YES;
				SWIFT_DEFAULT_ACTOR_ISOLATION = MainActor;
				SWIFT_EMIT_LOC_STRINGS = YES;
				SWIFT_UPCOMING_FEATURE_MEMBER_IMPORT_VISIBILITY = YES;
				SWIFT_VERSION = 5.0;
				TARGETED_DEVICE_FAMILY = "1,2";
				VALIDATE_PRODUCT = YES;
			};
			name = Release;
		};
		5FA61273300CE184002F8851 /* Debug configuration for PBXNativeTarget "Origami TextTests" */ = {
			isa = XCBuildConfiguration;
			buildSettings = {
				BUNDLE_LOADER = "$(TEST_HOST)";
				CODE_SIGN_STYLE = Automatic;
				CURRENT_PROJECT_VERSION = 1;
				DEVELOPMENT_TEAM = 9Q5N4A727S;
				GENERATE_INFOPLIST_FILE = YES;
				IPHONEOS_DEPLOYMENT_TARGET = 27.0;
				MARKETING_VERSION = 1.0;
				PRODUCT_BUNDLE_IDENTIFIER = "Origami.Origami-TextTests";
				PRODUCT_NAME = "$(TARGET_NAME)";
				SDKROOT = iphoneos;
				STRING_CATALOG_GENERATE_SYMBOLS = NO;
				SWIFT_APPROACHABLE_CONCURRENCY = YES;
				SWIFT_EMIT_LOC_STRINGS = NO;
				SWIFT_UPCOMING_FEATURE_MEMBER_IMPORT_VISIBILITY = YES;
				SWIFT_VERSION = 5.0;
				TARGETED_DEVICE_FAMILY = "1,2";
				TEST_HOST = "$(BUILT_PRODUCTS_DIR)/Origami Text.app/$(BUNDLE_EXECUTABLE_FOLDER_PATH)/Origami Text";
			};
			name = Debug;
		};
		5FA61274300CE184002F8851 /* Release configuration for PBXNativeTarget "Origami TextTests" */ = {
			isa = XCBuildConfiguration;
			buildSettings = {
				BUNDLE_LOADER = "$(TEST_HOST)";
				CODE_SIGN_STYLE = Automatic;
				CURRENT_PROJECT_VERSION = 1;
				DEVELOPMENT_TEAM = 9Q5N4A727S;
				GENERATE_INFOPLIST_FILE = YES;
				IPHONEOS_DEPLOYMENT_TARGET = 27.0;
				MARKETING_VERSION = 1.0;
				PRODUCT_BUNDLE_IDENTIFIER = "Origami.Origami-TextTests";
				PRODUCT_NAME = "$(TARGET_NAME)";
				SDKROOT = iphoneos;
				STRING_CATALOG_GENERATE_SYMBOLS = NO;
				SWIFT_APPROACHABLE_CONCURRENCY = YES;
				SWIFT_EMIT_LOC_STRINGS = NO;
				SWIFT_UPCOMING_FEATURE_MEMBER_IMPORT_VISIBILITY = YES;
				SWIFT_VERSION = 5.0;
				TARGETED_DEVICE_FAMILY = "1,2";
				TEST_HOST = "$(BUILT_PRODUCTS_DIR)/Origami Text.app/$(BUNDLE_EXECUTABLE_FOLDER_PATH)/Origami Text";
				VALIDATE_PRODUCT = YES;
			};
			name = Release;
		};
		5FA61276300CE184002F8851 /* Debug configuration for PBXNativeTarget "Origami TextUITests" */ = {
			isa = XCBuildConfiguration;
			buildSettings = {
				CODE_SIGN_STYLE = Automatic;
				CURRENT_PROJECT_VERSION = 1;
				DEVELOPMENT_TEAM = 9Q5N4A727S;
				GENERATE_INFOPLIST_FILE = YES;
				MARKETING_VERSION = 1.0;
				PRODUCT_BUNDLE_IDENTIFIER = "Origami.Origami-TextUITests";
				PRODUCT_NAME = "$(TARGET_NAME)";
				SDKROOT = iphoneos;
				STRING_CATALOG_GENERATE_SYMBOLS = NO;
				SWIFT_APPROACHABLE_CONCURRENCY = YES;
				SWIFT_EMIT_LOC_STRINGS = NO;
				SWIFT_UPCOMING_FEATURE_MEMBER_IMPORT_VISIBILITY = YES;
				SWIFT_VERSION = 5.0;
				TARGETED_DEVICE_FAMILY = "1,2";
				TEST_TARGET_NAME = "Origami Text";
			};
			name = Debug;
		};
		5FA61277300CE184002F8851 /* Release configuration for PBXNativeTarget "Origami TextUITests" */ = {
			isa = XCBuildConfiguration;
			buildSettings = {
				CODE_SIGN_STYLE = Automatic;
				CURRENT_PROJECT_VERSION = 1;
				DEVELOPMENT_TEAM = 9Q5N4A727S;
				GENERATE_INFOPLIST_FILE = YES;
				MARKETING_VERSION = 1.0;
				PRODUCT_BUNDLE_IDENTIFIER = "Origami.Origami-TextUITests";
				PRODUCT_NAME = "$(TARGET_NAME)";
				SDKROOT = iphoneos;
				STRING_CATALOG_GENERATE_SYMBOLS = NO;
				SWIFT_APPROACHABLE_CONCURRENCY = YES;
				SWIFT_EMIT_LOC_STRINGS = NO;
				SWIFT_UPCOMING_FEATURE_MEMBER_IMPORT_VISIBILITY = YES;
				SWIFT_VERSION = 5.0;
				TARGETED_DEVICE_FAMILY = "1,2";
				TEST_TARGET_NAME = "Origami Text";
				VALIDATE_PRODUCT = YES;
			};
			name = Release;
		};
		5FD0138F3005785700F5A4F0 /* Debug configuration for PBXNativeTarget "Origami Text Vision" */ = {
			isa = XCBuildConfiguration;
			buildSettings = {
				ASSETCATALOG_COMPILER_APPICON_NAME = "Ori-logo-2";
				ASSETCATALOG_COMPILER_GLOBAL_ACCENT_COLOR_NAME = AccentColor;
				ASSETCATALOG_COMPILER_INCLUDE_ALL_APPICON_ASSETS = YES;
				CODE_SIGN_STYLE = Automatic;
				CURRENT_PROJECT_VERSION = 1;
				DEVELOPMENT_TEAM = 9Q5N4A727S;
				ENABLE_PREVIEWS = YES;
				GENERATE_INFOPLIST_FILE = YES;
				INFOPLIST_FILE = "$(TARGET_NAME)/Info.plist";
				INFOPLIST_KEY_CFBundleDisplayName = "Origami Text";
				LD_RUNPATH_SEARCH_PATHS = (
					"$(inherited)",
					"@executable_path/Frameworks",
				);
				MARKETING_VERSION = 1.0;
				PRODUCT_BUNDLE_IDENTIFIER = info.futuretextlab.origamitext;
				PRODUCT_NAME = "$(TARGET_NAME)";
				SDKROOT = xros;
				STRING_CATALOG_GENERATE_SYMBOLS = YES;
				SUPPORTED_PLATFORMS = "xros xrsimulator";
				SWIFT_APPROACHABLE_CONCURRENCY = YES;
				SWIFT_DEFAULT_ACTOR_ISOLATION = MainActor;
				SWIFT_EMIT_LOC_STRINGS = YES;
				SWIFT_UPCOMING_FEATURE_MEMBER_IMPORT_VISIBILITY = YES;
				SWIFT_VERSION = 5.0;
				TARGETED_DEVICE_FAMILY = 7;
			};
			name = Debug;
		};
		5FD013903005785700F5A4F0 /* Release configuration for PBXNativeTarget "Origami Text Vision" */ = {
			isa = XCBuildConfiguration;
			buildSettings = {
				ASSETCATALOG_COMPILER_APPICON_NAME = "Ori-logo-2";
				ASSETCATALOG_COMPILER_GLOBAL_ACCENT_COLOR_NAME = AccentColor;
				ASSETCATALOG_COMPILER_INCLUDE_ALL_APPICON_ASSETS = YES;
				CODE_SIGN_STYLE = Automatic;
				CURRENT_PROJECT_VERSION = 1;
				DEVELOPMENT_TEAM = 9Q5N4A727S;
				ENABLE_PREVIEWS = YES;
				GENERATE_INFOPLIST_FILE = YES;
				INFOPLIST_FILE = "$(TARGET_NAME)/Info.plist";
				INFOPLIST_KEY_CFBundleDisplayName = "Origami Text";
				LD_RUNPATH_SEARCH_PATHS = (
					"$(inherited)",
					"@executable_path/Frameworks",
				);
				MARKETING_VERSION = 1.0;
				PRODUCT_BUNDLE_IDENTIFIER = info.futuretextlab.origamitext;
				PRODUCT_NAME = "$(TARGET_NAME)";
				SDKROOT = xros;
				STRING_CATALOG_GENERATE_SYMBOLS = YES;
				SUPPORTED_PLATFORMS = "xros xrsimulator";
				SWIFT_APPROACHABLE_CONCURRENCY = YES;
				SWIFT_DEFAULT_ACTOR_ISOLATION = MainActor;
				SWIFT_EMIT_LOC_STRINGS = YES;
				SWIFT_UPCOMING_FEATURE_MEMBER_IMPORT_VISIBILITY = YES;
				SWIFT_VERSION = 5.0;
				TARGETED_DEVICE_FAMILY = 7;
				VALIDATE_PRODUCT = YES;
			};
			name = Release;
		};
/* End XCBuildConfiguration section */

/* Begin XCConfigurationList section */
		000000000000000010000000 /* Build configuration list for PBXProject "OrigamiText" */ = {
			isa = XCConfigurationList;
			buildConfigurations = (
				000000000000000011000000 /* Debug configuration for PBXProject "OrigamiText" */,
				000000000000000012000000 /* Release configuration for PBXProject "OrigamiText" */,
			);
			defaultConfigurationName = Release;
		};
		000000000000000110000000 /* Build configuration list for PBXNativeTarget "LiquidView" */ = {
			isa = XCConfigurationList;
			buildConfigurations = (
				000000000000000111000000 /* Debug configuration for PBXNativeTarget "LiquidView" */,
				000000000000000112000000 /* Release configuration for PBXNativeTarget "LiquidView" */,
			);
			defaultConfigurationName = Release;
		};
		5FA6126F300CE184002F8851 /* Build configuration list for PBXNativeTarget "Origami Text" */ = {
			isa = XCConfigurationList;
			buildConfigurations = (
				5FA61270300CE184002F8851 /* Debug configuration for PBXNativeTarget "Origami Text" */,
				5FA61271300CE184002F8851 /* Release configuration for PBXNativeTarget "Origami Text" */,
			);
			defaultConfigurationName = Release;
		};
		5FA61272300CE184002F8851 /* Build configuration list for PBXNativeTarget "Origami TextTests" */ = {
			isa = XCConfigurationList;
			buildConfigurations = (
				5FA61273300CE184002F8851 /* Debug configuration for PBXNativeTarget "Origami TextTests" */,
				5FA61274300CE184002F8851 /* Release configuration for PBXNativeTarget "Origami TextTests" */,
			);
			defaultConfigurationName = Release;
		};
		5FA61275300CE184002F8851 /* Build configuration list for PBXNativeTarget "Origami TextUITests" */ = {
			isa = XCConfigurationList;
			buildConfigurations = (
				5FA61276300CE184002F8851 /* Debug configuration for PBXNativeTarget "Origami TextUITests" */,
				5FA61277300CE184002F8851 /* Release configuration for PBXNativeTarget "Origami TextUITests" */,
			);
			defaultConfigurationName = Release;
		};
		5FD0138E3005785700F5A4F0 /* Build configuration list for PBXNativeTarget "Origami Text Vision" */ = {
			isa = XCConfigurationList;
			buildConfigurations = (
				5FD0138F3005785700F5A4F0 /* Debug configuration for PBXNativeTarget "Origami Text Vision" */,
				5FD013903005785700F5A4F0 /* Release configuration for PBXNativeTarget "Origami Text Vision" */,
			);
			defaultConfigurationName = Release;
		};
/* End XCConfigurationList section */
	};
	rootObject = 000000000000000000000000 /* Project object */;
}
